<?xml version="1.0" encoding="UTF-8" standalone="yes" ?>
<CodeBlocks_project_file>
	<FileVersion major="1" minor="6" />
	<Project>
		<Option title="NM" />
		<Option pch_mode="2" />
		<Option compiler="gcc" />
		<Build>
			<Target title="Debug">
				<Option output="bin/Debug/NM" prefix_auto="1" extension_auto="1" />
				<Option object_output="obj/Debug/" />
				<Option type="1" />
				<Option compiler="gcc" />
				<Compiler>
					<Add option="-g" />
					<Add option="-std=gnu++11" />
					<Add option="-Wno-unknown-pragmas -Wno-reorder" />
					<Add directory="../../casablanca/Release/include" />
					<Add directory="include" />
					<Add directory="../NM" />
				</Compiler>
				<Linker>
					<Add option="-lpthread" />
					<Add library="../../casablanca/Release/build.release/Binaries/libcpprest.so" />
				</Linker>
			</Target>
			<Target title="Release">
				<Option output="bin/Release/NM" prefix_auto="1" extension_auto="1" />
				<Option object_output="obj/Release/" />
				<Option type="1" />
				<Option compiler="gcc" />
				<Compiler>
					<Add option="-O2" />
					<Add option="-std=gnu++11" />
					<Add option="-Wno-unknown-pragmas -Wno-reorder" />
					<Add directory="include" />
					<Add directory="../NM" />
					<Add directory="../../casablanca/Release/include" />
				</Compiler>
				<Linker>
					<Add option="-s" />
					<Add option="-lpthread" />
					<Add library="../../casablanca/Release/build.release/Binaries/libcpprest.so" />
				</Linker>
			</Target>
		</Build>
		<Compiler>
			<Add option="-Wall" />
		</Compiler>
		<Unit filename="Executor.cpp" />
		<Unit filename="Executor.h" />
		<Unit filename="JobTaskDb.cpp" />
		<Unit filename="JobTaskDb.h" />
		<Unit filename="ProcessStartInfo.cpp" />
		<Unit filename="ProcessStartInfo.h" />
		<Unit filename="RemotingCommunicator.cpp" />
		<Unit filename="RemotingCommunicator.h" />
		<Unit filename="RemotingExecutor.cpp" />
		<Unit filename="RemotingExecutor.h" />
		<Unit filename="UnionFindSet.cpp" />
		<Unit filename="UnionFindSet.h" />
		<Unit filename="main.cpp" />
		<Extensions>
			<code_completion />
			<envvars />
			<lib_finder disable_auto="1" />
			<debugger />
		</Extensions>
	</Project>
</CodeBlocks_project_file>
