
Microsoft Visual Studio Solution File, Format Version 12.00
# Visual Studio 14
VisualStudioVersion = 14.0.22310.1
MinimumVisualStudioVersion = 10.0.40219.1
Project("{FAE04EC0-301F-11D3-BF4B-00C04F79EFBC}") = "LinuxCommunicator", "LinuxCommunicator.csproj", "{AA00383C-5CAA-47E2-AAAF-04AE2890B534}"
EndProject
Project("{8BC9CEB8-8B4A-11D0-8D11-00A0C91BC942}") = "LinuxNodeMgr", "..\LinuxNodeMgr\LinuxNodeMgr.vcxproj", "{EA48B422-D51D-42D8-950D-38860819B473}"
EndProject
Project("{FAE04EC0-301F-11D3-BF4B-00C04F79EFBC}") = "RequestTest", "..\RequestTest\RequestTest\RequestTest.csproj", "{2E50D1A7-786C-4660-BEB0-132B92952E1E}"
EndProject
Project("{FAE04EC0-301F-11D3-BF4B-00C04F79EFBC}") = "MonitoringTest", "..\MonitoringTest\MonitoringTest\MonitoringTest.csproj", "{C10856A3-ED71-4A26-83F1-0529A5049DC3}"
EndProject
Project("{FAE04EC0-301F-11D3-BF4B-00C04F79EFBC}") = "FuncTest", "..\FuncTest\FuncTest.csproj", "{A7E995F9-4C5C-4D65-91C6-8E09DF8FDC47}"
EndProject
Project("{FAE04EC0-301F-11D3-BF4B-00C04F79EFBC}") = "Test", "..\Test\Test.csproj", "{ED4BB613-B234-446E-8FAF-2CB25BA055A2}"
EndProject
Global
	GlobalSection(SolutionConfigurationPlatforms) = preSolution
		Debug|Any CPU = Debug|Any CPU
		Debug|Mixed Platforms = Debug|Mixed Platforms
		Debug|Win32 = Debug|Win32
		Release|Any CPU = Release|Any CPU
		Release|Mixed Platforms = Release|Mixed Platforms
		Release|Win32 = Release|Win32
	EndGlobalSection
	GlobalSection(ProjectConfigurationPlatforms) = postSolution
		{AA00383C-5CAA-47E2-AAAF-04AE2890B534}.Debug|Any CPU.ActiveCfg = Debug|Any CPU
		{AA00383C-5CAA-47E2-AAAF-04AE2890B534}.Debug|Any CPU.Build.0 = Debug|Any CPU
		{AA00383C-5CAA-47E2-AAAF-04AE2890B534}.Debug|Mixed Platforms.ActiveCfg = Debug|Any CPU
		{AA00383C-5CAA-47E2-AAAF-04AE2890B534}.Debug|Mixed Platforms.Build.0 = Debug|Any CPU
		{AA00383C-5CAA-47E2-AAAF-04AE2890B534}.Debug|Win32.ActiveCfg = Debug|Any CPU
		{AA00383C-5CAA-47E2-AAAF-04AE2890B534}.Release|Any CPU.ActiveCfg = Release|Any CPU
		{AA00383C-5CAA-47E2-AAAF-04AE2890B534}.Release|Any CPU.Build.0 = Release|Any CPU
		{AA00383C-5CAA-47E2-AAAF-04AE2890B534}.Release|Mixed Platforms.ActiveCfg = Release|Any CPU
		{AA00383C-5CAA-47E2-AAAF-04AE2890B534}.Release|Mixed Platforms.Build.0 = Release|Any CPU
		{AA00383C-5CAA-47E2-AAAF-04AE2890B534}.Release|Win32.ActiveCfg = Release|Any CPU
		{EA48B422-D51D-42D8-950D-38860819B473}.Debug|Any CPU.ActiveCfg = Debug|Win32
		{EA48B422-D51D-42D8-950D-38860819B473}.Debug|Mixed Platforms.ActiveCfg = Debug|Win32
		{EA48B422-D51D-42D8-950D-38860819B473}.Debug|Mixed Platforms.Build.0 = Debug|Win32
		{EA48B422-D51D-42D8-950D-38860819B473}.Debug|Win32.ActiveCfg = Debug|Win32
		{EA48B422-D51D-42D8-950D-38860819B473}.Debug|Win32.Build.0 = Debug|Win32
		{EA48B422-D51D-42D8-950D-38860819B473}.Release|Any CPU.ActiveCfg = Release|Win32
		{EA48B422-D51D-42D8-950D-38860819B473}.Release|Mixed Platforms.ActiveCfg = Release|Win32
		{EA48B422-D51D-42D8-950D-38860819B473}.Release|Mixed Platforms.Build.0 = Release|Win32
		{EA48B422-D51D-42D8-950D-38860819B473}.Release|Win32.ActiveCfg = Release|Win32
		{EA48B422-D51D-42D8-950D-38860819B473}.Release|Win32.Build.0 = Release|Win32
		{2E50D1A7-786C-4660-BEB0-132B92952E1E}.Debug|Any CPU.ActiveCfg = Debug|Any CPU
		{2E50D1A7-786C-4660-BEB0-132B92952E1E}.Debug|Any CPU.Build.0 = Debug|Any CPU
		{2E50D1A7-786C-4660-BEB0-132B92952E1E}.Debug|Mixed Platforms.ActiveCfg = Debug|Any CPU
		{2E50D1A7-786C-4660-BEB0-132B92952E1E}.Debug|Mixed Platforms.Build.0 = Debug|Any CPU
		{2E50D1A7-786C-4660-BEB0-132B92952E1E}.Debug|Win32.ActiveCfg = Debug|Any CPU
		{2E50D1A7-786C-4660-BEB0-132B92952E1E}.Release|Any CPU.ActiveCfg = Release|Any CPU
		{2E50D1A7-786C-4660-BEB0-132B92952E1E}.Release|Any CPU.Build.0 = Release|Any CPU
		{2E50D1A7-786C-4660-BEB0-132B92952E1E}.Release|Mixed Platforms.ActiveCfg = Release|Any CPU
		{2E50D1A7-786C-4660-BEB0-132B92952E1E}.Release|Mixed Platforms.Build.0 = Release|Any CPU
		{2E50D1A7-786C-4660-BEB0-132B92952E1E}.Release|Win32.ActiveCfg = Release|Any CPU
		{C10856A3-ED71-4A26-83F1-0529A5049DC3}.Debug|Any CPU.ActiveCfg = Debug|Any CPU
		{C10856A3-ED71-4A26-83F1-0529A5049DC3}.Debug|Any CPU.Build.0 = Debug|Any CPU
		{C10856A3-ED71-4A26-83F1-0529A5049DC3}.Debug|Mixed Platforms.ActiveCfg = Debug|Any CPU
		{C10856A3-ED71-4A26-83F1-0529A5049DC3}.Debug|Mixed Platforms.Build.0 = Debug|Any CPU
		{C10856A3-ED71-4A26-83F1-0529A5049DC3}.Debug|Win32.ActiveCfg = Debug|Any CPU
		{C10856A3-ED71-4A26-83F1-0529A5049DC3}.Release|Any CPU.ActiveCfg = Release|Any CPU
		{C10856A3-ED71-4A26-83F1-0529A5049DC3}.Release|Any CPU.Build.0 = Release|Any CPU
		{C10856A3-ED71-4A26-83F1-0529A5049DC3}.Release|Mixed Platforms.ActiveCfg = Release|Any CPU
		{C10856A3-ED71-4A26-83F1-0529A5049DC3}.Release|Mixed Platforms.Build.0 = Release|Any CPU
		{C10856A3-ED71-4A26-83F1-0529A5049DC3}.Release|Win32.ActiveCfg = Release|Any CPU
		{A7E995F9-4C5C-4D65-91C6-8E09DF8FDC47}.Debug|Any CPU.ActiveCfg = Debug|Any CPU
		{A7E995F9-4C5C-4D65-91C6-8E09DF8FDC47}.Debug|Any CPU.Build.0 = Debug|Any CPU
		{A7E995F9-4C5C-4D65-91C6-8E09DF8FDC47}.Debug|Mixed Platforms.ActiveCfg = Debug|Any CPU
		{A7E995F9-4C5C-4D65-91C6-8E09DF8FDC47}.Debug|Mixed Platforms.Build.0 = Debug|Any CPU
		{A7E995F9-4C5C-4D65-91C6-8E09DF8FDC47}.Debug|Win32.ActiveCfg = Debug|Any CPU
		{A7E995F9-4C5C-4D65-91C6-8E09DF8FDC47}.Release|Any CPU.ActiveCfg = Release|Any CPU
		{A7E995F9-4C5C-4D65-91C6-8E09DF8FDC47}.Release|Any CPU.Build.0 = Release|Any CPU
		{A7E995F9-4C5C-4D65-91C6-8E09DF8FDC47}.Release|Mixed Platforms.ActiveCfg = Release|Any CPU
		{A7E995F9-4C5C-4D65-91C6-8E09DF8FDC47}.Release|Mixed Platforms.Build.0 = Release|Any CPU
		{A7E995F9-4C5C-4D65-91C6-8E09DF8FDC47}.Release|Win32.ActiveCfg = Release|Any CPU
		{ED4BB613-B234-446E-8FAF-2CB25BA055A2}.Debug|Any CPU.ActiveCfg = Debug|Any CPU
		{ED4BB613-B234-446E-8FAF-2CB25BA055A2}.Debug|Any CPU.Build.0 = Debug|Any CPU
		{ED4BB613-B234-446E-8FAF-2CB25BA055A2}.Debug|Mixed Platforms.ActiveCfg = Debug|Any CPU
		{ED4BB613-B234-446E-8FAF-2CB25BA055A2}.Debug|Mixed Platforms.Build.0 = Debug|Any CPU
		{ED4BB613-B234-446E-8FAF-2CB25BA055A2}.Debug|Win32.ActiveCfg = Debug|Any CPU
		{ED4BB613-B234-446E-8FAF-2CB25BA055A2}.Debug|Win32.Build.0 = Debug|Any CPU
		{ED4BB613-B234-446E-8FAF-2CB25BA055A2}.Release|Any CPU.ActiveCfg = Release|Any CPU
		{ED4BB613-B234-446E-8FAF-2CB25BA055A2}.Release|Any CPU.Build.0 = Release|Any CPU
		{ED4BB613-B234-446E-8FAF-2CB25BA055A2}.Release|Mixed Platforms.ActiveCfg = Release|Any CPU
		{ED4BB613-B234-446E-8FAF-2CB25BA055A2}.Release|Mixed Platforms.Build.0 = Release|Any CPU
		{ED4BB613-B234-446E-8FAF-2CB25BA055A2}.Release|Win32.ActiveCfg = Release|Any CPU
		{ED4BB613-B234-446E-8FAF-2CB25BA055A2}.Release|Win32.Build.0 = Release|Any CPU
	EndGlobalSection
	GlobalSection(SolutionProperties) = preSolution
		HideSolutionNode = FALSE
	EndGlobalSection
EndGlobal
