<?xml version="1.0" encoding="UTF-8" standalone="yes" ?>
<CodeBlocks_project_file>
	<FileVersion major="1" minor="6" />
	<Project>
		<Option title="NodeManager" />
		<Option pch_mode="2" />
		<Option compiler="gcc" />
		<Build>
			<Target title="Debug">
				<Option output="bin/Debug/NodeManager" prefix_auto="1" extension_auto="1" />
				<Option object_output="obj/Debug/" />
				<Option type="1" />
				<Option compiler="gcc" />
				<Compiler>
					<Add option="-Wall" />
					<Add option="-g" />
					<Add option="-DDEBUG" />
				</Compiler>
				<Linker>
					<Add option="-lpthread" />
					<Add library="../../hpccasa/Release/build.debug/Binaries/libcpprest.so" />
				</Linker>
				<ExtraCommands>
					<Add after="cp scripts/* bin/Debug/" />
				</ExtraCommands>
			</Target>
			<Target title="Release">
				<Option output="bin/Release/NodeManager" prefix_auto="1" extension_auto="1" />
				<Option object_output="obj/Release/" />
				<Option type="1" />
				<Option compiler="gcc" />
				<Compiler>
					<Add option="-O2" />
				</Compiler>
				<Linker>
					<Add option="-lpthread" />
					<Add library="../../hpccasa/Release/build.release/Binaries/libcpprest.so" />
				</Linker>
				<ExtraCommands>
					<Add after="cp scripts/* bin/Release/" />
				</ExtraCommands>
			</Target>
		</Build>
		<Compiler>
			<Add option="-fexceptions" />
			<Add option="-Wno-unused-local-typedefs" />
			<Add option="-std=c++1y" />
			<Add directory="../../evancasa/cpprestsdk/Release/include" />
			<Add directory="../../spdlog/include" />
		</Compiler>
		<Unit filename="Readme.txt" />
		<Unit filename="Version.cpp" />
		<Unit filename="Version.h" />
		<Unit filename="arguments/EndJobArgs.cpp" />
		<Unit filename="arguments/EndJobArgs.h" />
		<Unit filename="arguments/EndTaskArgs.cpp" />
		<Unit filename="arguments/EndTaskArgs.h" />
		<Unit filename="arguments/MetricCounter.cpp" />
		<Unit filename="arguments/MetricCounter.h" />
		<Unit filename="arguments/MetricCountersConfig.cpp" />
		<Unit filename="arguments/MetricCountersConfig.h" />
		<Unit filename="arguments/ProcessStartInfo.cpp" />
		<Unit filename="arguments/ProcessStartInfo.h" />
		<Unit filename="arguments/StartJobAndTaskArgs.cpp" />
		<Unit filename="arguments/StartJobAndTaskArgs.h" />
		<Unit filename="arguments/StartTaskArgs.cpp" />
		<Unit filename="arguments/StartTaskArgs.h" />
		<Unit filename="common/ErrorCodes.h" />
		<Unit filename="config/nm_proxy.conf" />
		<Unit filename="config/nodemanager.json" />
		<Unit filename="core/HostsManager.cpp" />
		<Unit filename="core/HostsManager.h" />
		<Unit filename="core/HttpFetcher.cpp" />
		<Unit filename="core/HttpFetcher.h" />
		<Unit filename="core/HttpHelper.cpp" />
		<Unit filename="core/HttpHelper.h" />
		<Unit filename="core/HttpReporter.cpp" />
		<Unit filename="core/HttpReporter.h" />
		<Unit filename="core/IRemoteExecutor.h" />
		<Unit filename="core/JobTaskTable.cpp" />
		<Unit filename="core/JobTaskTable.h" />
		<Unit filename="core/MetricCollectorBase.cpp" />
		<Unit filename="core/MetricCollectorBase.h" />
		<Unit filename="core/Monitor.cpp" />
		<Unit filename="core/Monitor.h" />
		<Unit filename="core/NodeManagerConfig.cpp" />
		<Unit filename="core/NodeManagerConfig.h" />
		<Unit filename="core/Process.cpp" />
		<Unit filename="core/Process.h" />
		<Unit filename="core/RemoteCommunicator.cpp" />
		<Unit filename="core/RemoteCommunicator.h" />
		<Unit filename="core/RemoteExecutor.cpp" />
		<Unit filename="core/RemoteExecutor.h" />
		<Unit filename="core/Reporter.cpp" />
		<Unit filename="core/Reporter.h" />
		<Unit filename="core/UdpReporter.cpp" />
		<Unit filename="core/UdpReporter.h" />
		<Unit filename="data/HostEntry.cpp" />
		<Unit filename="data/HostEntry.h" />
		<Unit filename="data/JobInfo.cpp" />
		<Unit filename="data/JobInfo.h" />
		<Unit filename="data/MonitoringPacket.cpp" />
		<Unit filename="data/MonitoringPacket.h" />
		<Unit filename="data/NodeInfo.cpp" />
		<Unit filename="data/NodeInfo.h" />
		<Unit filename="data/OutputData.cpp" />
		<Unit filename="data/OutputData.h" />
		<Unit filename="data/ProcessStatistics.cpp" />
		<Unit filename="data/ProcessStatistics.h" />
		<Unit filename="data/TaskInfo.cpp" />
		<Unit filename="data/TaskInfo.h" />
		<Unit filename="data/Umid.cpp" />
		<Unit filename="data/Umid.h" />
		<Unit filename="filters/ExecutionFilter.cpp" />
		<Unit filename="filters/ExecutionFilter.h" />
		<Unit filename="main.cpp" />
		<Unit filename="makefile" />
		<Unit filename="scripts/CleanupAllTasks.sh" />
		<Unit filename="scripts/CleanupTask.sh" />
		<Unit filename="scripts/EndTask.sh" />
		<Unit filename="scripts/PrepareTask.sh" />
		<Unit filename="scripts/RunTask.sh" />
		<Unit filename="scripts/StartTask.sh" />
		<Unit filename="scripts/Statistics.sh" />
		<Unit filename="scripts/WaitForTrust.sh" />
		<Unit filename="scripts/common.sh" />
		<Unit filename="test/ExecutionFilterTest.cpp" />
		<Unit filename="test/ExecutionFilterTest.h" />
		<Unit filename="test/ProcessTest.cpp" />
		<Unit filename="test/ProcessTest.h" />
		<Unit filename="test/TestRunner.cpp" />
		<Unit filename="test/TestRunner.h" />
		<Unit filename="utils/Configuration.cpp" />
		<Unit filename="utils/Configuration.h" />
		<Unit filename="utils/JsonHelper.cpp" />
		<Unit filename="utils/JsonHelper.h" />
		<Unit filename="utils/Logger.cpp" />
		<Unit filename="utils/Logger.h" />
		<Unit filename="utils/ReaderLock.cpp" />
		<Unit filename="utils/ReaderLock.h" />
		<Unit filename="utils/String.cpp" />
		<Unit filename="utils/String.h" />
		<Unit filename="utils/System.cpp" />
		<Unit filename="utils/System.h" />
		<Unit filename="utils/WriterLock.cpp" />
		<Unit filename="utils/WriterLock.h" />
		<Extensions>
			<code_completion />
			<debugger />
		</Extensions>
	</Project>
</CodeBlocks_project_file>
